
Microsoft Visual Studio Solution File, Format Version 12.00
Project("{2150E333-8FDC-42A3-9474-1A3956D46DE8}") = "UI", "UI", "{3497D757-01ED-4660-B795-E1F1B8A00CA6}"
EndProject
Project("{2150E333-8FDC-42A3-9474-1A3956D46DE8}") = "Infrastructure", "Infrastructure", "{5DAF9214-E952-44AD-90F8-0CC01B4B3509}"
EndProject
Project("{2150E333-8FDC-42A3-9474-1A3956D46DE8}") = "Core", "Core", "{E2C1BE88-8C64-4924-9755-F7F68BA2145E}"
EndProject
Project("{FAE04EC0-301F-11D3-BF4B-00C04F79EFBC}") = "PetShop.Core", "PetShop.Core\PetShop.Core.csproj", "{CD712B7D-21A2-4DFC-BAAD-C117CA231806}"
EndProject
Project("{FAE04EC0-301F-11D3-BF4B-00C04F79EFBC}") = "PetShop.Domain", "PetShop.Domain\PetShop.Domain.csproj", "{E97171FC-F318-4C32-B59B-4D8C68B6E97D}"
EndProject
Project("{FAE04EC0-301F-11D3-BF4B-00C04F79EFBC}") = "PetShop.WebAPI", "PetShop.WebAPI\PetShop.WebAPI.csproj", "{1A2010E7-604F-453A-8685-61F2CFEC77ED}"
EndProject
Project("{FAE04EC0-301F-11D3-BF4B-00C04F79EFBC}") = "PetShop.EFCore", "PetShop.EFCore\PetShop.EFCore.csproj", "{A2C854BF-4116-4F49-A2AD-0C65778B489F}"
EndProject
Project("{2150E333-8FDC-42A3-9474-1A3956D46DE8}") = "Security", "Security", "{1599FB70-79F6-4E7E-A9AE-FE89A41710D7}"
EndProject
Project("{FAE04EC0-301F-11D3-BF4B-00C04F79EFBC}") = "MySecurity", "MySecurity\MySecurity.csproj", "{890D25F6-4C30-4B8A-889D-4EBFBD376447}"
EndProject
Global
	GlobalSection(SolutionConfigurationPlatforms) = preSolution
		Debug|Any CPU = Debug|Any CPU
		Release|Any CPU = Release|Any CPU
	EndGlobalSection
	GlobalSection(ProjectConfigurationPlatforms) = postSolution
		{CD712B7D-21A2-4DFC-BAAD-C117CA231806}.Debug|Any CPU.ActiveCfg = Debug|Any CPU
		{CD712B7D-21A2-4DFC-BAAD-C117CA231806}.Debug|Any CPU.Build.0 = Debug|Any CPU
		{CD712B7D-21A2-4DFC-BAAD-C117CA231806}.Release|Any CPU.ActiveCfg = Release|Any CPU
		{CD712B7D-21A2-4DFC-BAAD-C117CA231806}.Release|Any CPU.Build.0 = Release|Any CPU
		{E97171FC-F318-4C32-B59B-4D8C68B6E97D}.Debug|Any CPU.ActiveCfg = Debug|Any CPU
		{E97171FC-F318-4C32-B59B-4D8C68B6E97D}.Debug|Any CPU.Build.0 = Debug|Any CPU
		{E97171FC-F318-4C32-B59B-4D8C68B6E97D}.Release|Any CPU.ActiveCfg = Release|Any CPU
		{E97171FC-F318-4C32-B59B-4D8C68B6E97D}.Release|Any CPU.Build.0 = Release|Any CPU
		{1A2010E7-604F-453A-8685-61F2CFEC77ED}.Debug|Any CPU.ActiveCfg = Debug|Any CPU
		{1A2010E7-604F-453A-8685-61F2CFEC77ED}.Debug|Any CPU.Build.0 = Debug|Any CPU
		{1A2010E7-604F-453A-8685-61F2CFEC77ED}.Release|Any CPU.ActiveCfg = Release|Any CPU
		{1A2010E7-604F-453A-8685-61F2CFEC77ED}.Release|Any CPU.Build.0 = Release|Any CPU
		{A2C854BF-4116-4F49-A2AD-0C65778B489F}.Debug|Any CPU.ActiveCfg = Debug|Any CPU
		{A2C854BF-4116-4F49-A2AD-0C65778B489F}.Debug|Any CPU.Build.0 = Debug|Any CPU
		{A2C854BF-4116-4F49-A2AD-0C65778B489F}.Release|Any CPU.ActiveCfg = Release|Any CPU
		{A2C854BF-4116-4F49-A2AD-0C65778B489F}.Release|Any CPU.Build.0 = Release|Any CPU
		{890D25F6-4C30-4B8A-889D-4EBFBD376447}.Debug|Any CPU.ActiveCfg = Debug|Any CPU
		{890D25F6-4C30-4B8A-889D-4EBFBD376447}.Debug|Any CPU.Build.0 = Debug|Any CPU
		{890D25F6-4C30-4B8A-889D-4EBFBD376447}.Release|Any CPU.ActiveCfg = Release|Any CPU
		{890D25F6-4C30-4B8A-889D-4EBFBD376447}.Release|Any CPU.Build.0 = Release|Any CPU
	EndGlobalSection
	GlobalSection(NestedProjects) = preSolution
		{CD712B7D-21A2-4DFC-BAAD-C117CA231806} = {E2C1BE88-8C64-4924-9755-F7F68BA2145E}
		{E97171FC-F318-4C32-B59B-4D8C68B6E97D} = {E2C1BE88-8C64-4924-9755-F7F68BA2145E}
		{1A2010E7-604F-453A-8685-61F2CFEC77ED} = {3497D757-01ED-4660-B795-E1F1B8A00CA6}
		{A2C854BF-4116-4F49-A2AD-0C65778B489F} = {5DAF9214-E952-44AD-90F8-0CC01B4B3509}
		{890D25F6-4C30-4B8A-889D-4EBFBD376447} = {1599FB70-79F6-4E7E-A9AE-FE89A41710D7}
	EndGlobalSection
EndGlobal
